#
# This file is autogenerated by pip-compile with Python 3.13
# by the following command:
#
#    pip-compile --allow-unsafe --generate-hashes --output-file=requirements.lock requirements.txt
#
iniconfig==2.3.0 \
    --hash=sha256:c76315c77db068650d49c5b56314774a7804df16fee4402c1f19d6d15d8c4730 \
    --hash=sha256:f631c04d2c48c52b84d0d0549c99ff3859c98df65b3101406327ecc7d53fbf12
    # via pytest
packaging==26.0 \
    --hash=sha256:00243ae351a257117b6a241061796684b084ed1c516a08c48a3f7e147a9d80b4 \
    --hash=sha256:b36f1fef9334a5588b4166f8bcd26a14e521f2b55e6b9de3aaa80d3ff7a37529
    # via pytest
pluggy==1.6.0 \
    --hash=sha256:7dcc130b76258d33b90f61b658791dede3486c3e6bfb003ee5c9bfb396dd22f3 \
    --hash=sha256:e920276dd6813095e9377c0bc5566d94c932c33b27a3e3945d8389c374dd4746
    # via pytest
pygments==2.19.2 \
    --hash=sha256:636cb2477cec7f8952536970bc533bc43743542f70392ae026374600add5b887 \
    --hash=sha256:86540386c03d588bb81d44bc3928634ff26449851e99741617ecb9037ee5ec0b
    # via pytest
pytest==8.4.2 \
    --hash=sha256:86c0d0b93306b961d58d62a4db4879f27fe25513d4b969df351abdddb3c30e01 \
    --hash=sha256:872f880de3fc3a5bdc88a11b39c9710c3497a547cfa9320bc3c5e62fbf272e79
    # via
    #   -r requirements.txt
    #   pytest-tap
pytest-tap==3.3 \
    --hash=sha256:4fbbc0e090c2e94f6199bee4e4f68ab3c5e176b37a72a589ad84e0f72a2fce55 \
    --hash=sha256:5f0919a147cf0396b2f10d64d365a0bf8062e06543e93c675c9d37f5605e983c
    # via -r requirements.txt
tap-py==3.2.1 \
    --hash=sha256:ae2a8a7999529ec568d03462e75968289cee5927dfd52fcc3a6381c8892d10ef \
    --hash=sha256:d03c9e6af0a56fad994f1c69f14041e676811d73eeeef20bf4077c43d621d608
    # via pytest-tap
